// !$*UTF8*$!
{
	archiveVersion = 1;
	classes = {
	};
	objectVersion = 46;
	objects = {

/* Begin PBXBuildFile section */
		7A338F711B3E1664005F6FEC /* AppDelegate.swift in Sources */ = {isa = PBXBuildFile; fileRef = 7A338F701B3E1664005F6FEC /* AppDelegate.swift */; };
		7A338F731B3E1664005F6FEC /* MealViewController.swift in Sources */ = {isa = PBXBuildFile; fileRef = 7A338F721B3E1664005F6FEC /* MealViewController.swift */; };
		7A338F761B3E1664005F6FEC /* Main.storyboard in Resources */ = {isa = PBXBuildFile; fileRef = 7A338F741B3E1664005F6FEC /* Main.storyboard */; };
		7A338F781B3E1664005F6FEC /* Assets.xcassets in Resources */ = {isa = PBXBuildFile; fileRef = 7A338F771B3E1664005F6FEC /* Assets.xcassets */; };
		7A338F7B1B3E1664005F6FEC /* LaunchScreen.storyboard in Resources */ = {isa = PBXBuildFile; fileRef = 7A338F791B3E1664005F6FEC /* LaunchScreen.storyboard */; };
		7A338F861B3E1664005F6FEC /* FoodTrackerTests.swift in Sources */ = {isa = PBXBuildFile; fileRef = 7A338F851B3E1664005F6FEC /* FoodTrackerTests.swift */; };
		7A338F911B4105FA005F6FEC /* RatingControl.swift in Sources */ = {isa = PBXBuildFile; fileRef = 7A338F901B4105FA005F6FEC /* RatingControl.swift */; };
		7A338F931B430EC9005F6FEC /* Meal.swift in Sources */ = {isa = PBXBuildFile; fileRef = 7A338F921B430EC9005F6FEC /* Meal.swift */; };
		7A338F941B430EC9005F6FEC /* Meal.swift in Sources */ = {isa = PBXBuildFile; fileRef = 7A338F921B430EC9005F6FEC /* Meal.swift */; };
		7A338F9C1B435231005F6FEC /* MealTableViewCell.swift in Sources */ = {isa = PBXBuildFile; fileRef = 7A338F9B1B435231005F6FEC /* MealTableViewCell.swift */; };
		7A338FA01B445302005F6FEC /* MealTableViewController.swift in Sources */ = {isa = PBXBuildFile; fileRef = 7A338F9F1B445302005F6FEC /* MealTableViewController.swift */; };
/* End PBXBuildFile section */

/* Begin PBXContainerItemProxy section */
		7A338F821B3E1664005F6FEC /* PBXContainerItemProxy */ = {
			isa = PBXContainerItemProxy;
			containerPortal = 7A338F651B3E1663005F6FEC /* Project object */;
			proxyType = 1;
			remoteGlobalIDString = 7A338F6C1B3E1664005F6FEC;
			remoteInfo = FoodTracker;
		};
/* End PBXContainerItemProxy section */

/* Begin PBXFileReference section */
		7A338F6D1B3E1664005F6FEC /* FoodTracker.app */ = {isa = PBXFileReference; explicitFileType = wrapper.application; includeInIndex = 0; path = FoodTracker.app; sourceTree = BUILT_PRODUCTS_DIR; };
		7A338F701B3E1664005F6FEC /* AppDelegate.swift */ = {isa = PBXFileReference; lastKnownFileType = sourcecode.swift; path = AppDelegate.swift; sourceTree = "<group>"; };
		7A338F721B3E1664005F6FEC /* MealViewController.swift */ = {isa = PBXFileReference; lastKnownFileType = sourcecode.swift; path = MealViewController.swift; sourceTree = "<group>"; };
		7A338F751B3E1664005F6FEC /* Base */ = {isa = PBXFileReference; lastKnownFileType = file.storyboard; name = Base; path = Base.lproj/Main.storyboard; sourceTree = "<group>"; };
		7A338F771B3E1664005F6FEC /* Assets.xcassets */ = {isa = PBXFileReference; lastKnownFileType = folder.assetcatalog; path = Assets.xcassets; sourceTree = "<group>"; };
		7A338F7A1B3E1664005F6FEC /* Base */ = {isa = PBXFileReference; lastKnownFileType = file.storyboard; name = Base; path = Base.lproj/LaunchScreen.storyboard; sourceTree = "<group>"; };
		7A338F7C1B3E1664005F6FEC /* Info.plist */ = {isa = PBXFileReference; lastKnownFileType = text.plist.xml; path = Info.plist; sourceTree = "<group>"; };
		7A338F811B3E1664005F6FEC /* FoodTrackerTests.xctest */ = {isa = PBXFileReference; explicitFileType = wrapper.cfbundle; includeInIndex = 0; path = FoodTrackerTests.xctest; sourceTree = BUILT_PRODUCTS_DIR; };
		7A338F851B3E1664005F6FEC /* FoodTrackerTests.swift */ = {isa = PBXFileReference; lastKnownFileType = sourcecode.swift; path = FoodTrackerTests.swift; sourceTree = "<group>"; };
		7A338F871B3E1664005F6FEC /* Info.plist */ = {isa = PBXFileReference; lastKnownFileType = text.plist.xml; path = Info.plist; sourceTree = "<group>"; };
		7A338F901B4105FA005F6FEC /* RatingControl.swift */ = {isa = PBXFileReference; fileEncoding = 4; lastKnownFileType = sourcecode.swift; path = RatingControl.swift; sourceTree = "<group>"; };
		7A338F921B430EC9005F6FEC /* Meal.swift */ = {isa = PBXFileReference; fileEncoding = 4; lastKnownFileType = sourcecode.swift; path = Meal.swift; sourceTree = "<group>"; };
		7A338F9B1B435231005F6FEC /* MealTableViewCell.swift */ = {isa = PBXFileReference; fileEncoding = 4; lastKnownFileType = sourcecode.swift; path = MealTableViewCell.swift; sourceTree = "<group>"; };
		7A338F9F1B445302005F6FEC /* MealTableViewController.swift */ = {isa = PBXFileReference; fileEncoding = 4; lastKnownFileType = sourcecode.swift; path = MealTableViewController.swift; sourceTree = "<group>"; };
/* End PBXFileReference section */

/* Begin PBXFrameworksBuildPhase section */
		7A338F6A1B3E1664005F6FEC /* Frameworks */ = {
			isa = PBXFrameworksBuildPhase;
			buildActionMask = 2147483647;
			files = (
			);
			runOnlyForDeploymentPostprocessing = 0;
		};
		7A338F7E1B3E1664005F6FEC /* Frameworks */ = {
			isa = PBXFrameworksBuildPhase;
			buildActionMask = 2147483647;
			files = (
			);
			runOnlyForDeploymentPostprocessing = 0;
		};
/* End PBXFrameworksBuildPhase section */

/* Begin PBXGroup section */
		7A338F641B3E1663005F6FEC = {
			isa = PBXGroup;
			children = (
				7A338F6F1B3E1664005F6FEC /* FoodTracker */,
				7A338F841B3E1664005F6FEC /* FoodTrackerTests */,
				7A338F6E1B3E1664005F6FEC /* Products */,
			);
			sourceTree = "<group>";
		};
		7A338F6E1B3E1664005F6FEC /* Products */ = {
			isa = PBXGroup;
			children = (
				7A338F6D1B3E1664005F6FEC /* FoodTracker.app */,
				7A338F811B3E1664005F6FEC /* FoodTrackerTests.xctest */,
			);
			name = Products;
			sourceTree = "<group>";
		};
		7A338F6F1B3E1664005F6FEC /* FoodTracker */ = {
			isa = PBXGroup;
			children = (
				7A338F701B3E1664005F6FEC /* AppDelegate.swift */,
				7A338F721B3E1664005F6FEC /* MealViewController.swift */,
				7A338F921B430EC9005F6FEC /* Meal.swift */,
				7A338F9B1B435231005F6FEC /* MealTableViewCell.swift */,
				7A338F901B4105FA005F6FEC /* RatingControl.swift */,
				7A338F741B3E1664005F6FEC /* Main.storyboard */,
				7A338F9F1B445302005F6FEC /* MealTableViewController.swift */,
				7A338F771B3E1664005F6FEC /* Assets.xcassets */,
				7A338F791B3E1664005F6FEC /* LaunchScreen.storyboard */,
				7A338F7C1B3E1664005F6FEC /* Info.plist */,
			);
			path = FoodTracker;
			sourceTree = "<group>";
		};
		7A338F841B3E1664005F6FEC /* FoodTrackerTests */ = {
			isa = PBXGroup;
			children = (
				7A338F851B3E1664005F6FEC /* FoodTrackerTests.swift */,
				7A338F871B3E1664005F6FEC /* Info.plist */,
			);
			path = FoodTrackerTests;
			sourceTree = "<group>";
		};
/* End PBXGroup section */

/* Begin PBXNativeTarget section */
		7A338F6C1B3E1664005F6FEC /* FoodTracker */ = {
			isa = PBXNativeTarget;
			buildConfigurationList = 7A338F8A1B3E1664005F6FEC /* Build configuration list for PBXNativeTarget "FoodTracker" */;
			buildPhases = (
				7A338F691B3E1664005F6FEC /* Sources */,
				7A338F6A1B3E1664005F6FEC /* Frameworks */,
				7A338F6B1B3E1664005F6FEC /* Resources */,
			);
			buildRules = (
			);
			dependencies = (
			);
			name = FoodTracker;
			productName = FoodTracker;
			productReference = 7A338F6D1B3E1664005F6FEC /* FoodTracker.app */;
			productType = "com.apple.product-type.application";
		};
		7A338F801B3E1664005F6FEC /* FoodTrackerTests */ = {
			isa = PBXNativeTarget;
			buildConfigurationList = 7A338F8D1B3E1664005F6FEC /* Build configuration list for PBXNativeTarget "FoodTrackerTests" */;
			buildPhases = (
				7A338F7D1B3E1664005F6FEC /* Sources */,
				7A338F7E1B3E1664005F6FEC /* Frameworks */,
				7A338F7F1B3E1664005F6FEC /* Resources */,
			);
			buildRules = (
			);
			dependencies = (
				7A338F831B3E1664005F6FEC /* PBXTargetDependency */,
			);
			name = FoodTrackerTests;
			productName = FoodTrackerTests;
			productReference = 7A338F811B3E1664005F6FEC /* FoodTrackerTests.xctest */;
			productType = "com.apple.product-type.bundle.unit-test";
		};
/* End PBXNativeTarget section */

/* Begin PBXProject section */
		7A338F651B3E1663005F6FEC /* Project object */ = {
			isa = PBXProject;
			attributes = {
				LastUpgradeCheck = 0700;
				TargetAttributes = {
					7A338F6C1B3E1664005F6FEC = {
						CreatedOnToolsVersion = 7.0;
					};
					7A338F801B3E1664005F6FEC = {
						CreatedOnToolsVersion = 7.0;
						TestTargetID = 7A338F6C1B3E1664005F6FEC;
					};
				};
			};
			buildConfigurationList = 7A338F681B3E1663005F6FEC /* Build configuration list for PBXProject "FoodTracker" */;
			compatibilityVersion = "Xcode 3.2";
			developmentRegion = English;
			hasScannedForEncodings = 0;
			knownRegions = (
				en,
				Base,
			);
			mainGroup = 7A338F641B3E1663005F6FEC;
			productRefGroup = 7A338F6E1B3E1664005F6FEC /* Products */;
			projectDirPath = "";
			projectRoot = "";
			targets = (
				7A338F6C1B3E1664005F6FEC /* FoodTracker */,
				7A338F801B3E1664005F6FEC /* FoodTrackerTests */,
			);
		};
/* End PBXProject section */

/* Begin PBXResourcesBuildPhase section */
		7A338F6B1B3E1664005F6FEC /* Resources */ = {
			isa = PBXResourcesBuildPhase;
			buildActionMask = 2147483647;
			files = (
				7A338F7B1B3E1664005F6FEC /* LaunchScreen.storyboard in Resources */,
				7A338F781B3E1664005F6FEC /* Assets.xcassets in Resources */,
				7A338F761B3E1664005F6FEC /* Main.storyboard in Resources */,
			);
			runOnlyForDeploymentPostprocessing = 0;
		};
		7A338F7F1B3E1664005F6FEC /* Resources */ = {
			isa = PBXResourcesBuildPhase;
			buildActionMask = 2147483647;
			files = (
			);
			runOnlyForDeploymentPostprocessing = 0;
		};
/* End PBXResourcesBuildPhase section */

/* Begin PBXSourcesBuildPhase section */
		7A338F691B3E1664005F6FEC /* Sources */ = {
			isa = PBXSourcesBuildPhase;
			buildActionMask = 2147483647;
			files = (
				7A338F931B430EC9005F6FEC /* Meal.swift in Sources */,
				7A338F731B3E1664005F6FEC /* MealViewController.swift in Sources */,
				7A338F911B4105FA005F6FEC /* RatingControl.swift in Sources */,
				7A338F711B3E1664005F6FEC /* AppDelegate.swift in Sources */,
				7A338FA01B445302005F6FEC /* MealTableViewController.swift in Sources */,
				7A338F9C1B435231005F6FEC /* MealTableViewCell.swift in Sources */,
			);
			runOnlyForDeploymentPostprocessing = 0;
		};
		7A338F7D1B3E1664005F6FEC /* Sources */ = {
			isa = PBXSourcesBuildPhase;
			buildActionMask = 2147483647;
			files = (
				7A338F941B430EC9005F6FEC /* Meal.swift in Sources */,
				7A338F861B3E1664005F6FEC /* FoodTrackerTests.swift in Sources */,
			);
			runOnlyForDeploymentPostprocessing = 0;
		};
/* End PBXSourcesBuildPhase section */

/* Begin PBXTargetDependency section */
		7A338F831B3E1664005F6FEC /* PBXTargetDependency */ = {
			isa = PBXTargetDependency;
			target = 7A338F6C1B3E1664005F6FEC /* FoodTracker */;
			targetProxy = 7A338F821B3E1664005F6FEC /* PBXContainerItemProxy */;
		};
/* End PBXTargetDependency section */

/* Begin PBXVariantGroup section */
		7A338F741B3E1664005F6FEC /* Main.storyboard */ = {
			isa = PBXVariantGroup;
			children = (
				7A338F751B3E1664005F6FEC /* Base */,
			);
			name = Main.storyboard;
			sourceTree = "<group>";
		};
		7A338F791B3E1664005F6FEC /* LaunchScreen.storyboard */ = {
			isa = PBXVariantGroup;
			children = (
				7A338F7A1B3E1664005F6FEC /* Base */,
			);
			name = LaunchScreen.storyboard;
			sourceTree = "<group>";
		};
/* End PBXVariantGroup section */

/* Begin XCBuildConfiguration section */
		7A338F881B3E1664005F6FEC /* Debug */ = {
			isa = XCBuildConfiguration;
			buildSettings = {
				ALWAYS_SEARCH_USER_PATHS = NO;
				CLANG_CXX_LANGUAGE_STANDARD = "gnu++0x";
				CLANG_CXX_LIBRARY = "libc++";
				CLANG_ENABLE_MODULES = YES;
				CLANG_ENABLE_OBJC_ARC = YES;
				CLANG_WARN_BOOL_CONVERSION = YES;
				CLANG_WARN_CONSTANT_CONVERSION = YES;
				CLANG_WARN_DIRECT_OBJC_ISA_USAGE = YES_ERROR;
				CLANG_WARN_EMPTY_BODY = YES;
				CLANG_WARN_ENUM_CONVERSION = YES;
				CLANG_WARN_INT_CONVERSION = YES;
				CLANG_WARN_OBJC_ROOT_CLASS = YES_ERROR;
				CLANG_WARN_UNREACHABLE_CODE = YES;
				CLANG_WARN__DUPLICATE_METHOD_MATCH = YES;
				"CODE_SIGN_IDENTITY[sdk=iphoneos*]" = "iPhone Developer";
				COPY_PHASE_STRIP = NO;
				DEBUG_INFORMATION_FORMAT = dwarf;
				ENABLE_STRICT_OBJC_MSGSEND = YES;
				ENABLE_TESTABILITY = YES;
				GCC_C_LANGUAGE_STANDARD = gnu99;
				GCC_DYNAMIC_NO_PIC = NO;
				GCC_NO_COMMON_BLOCKS = YES;
				GCC_OPTIMIZATION_LEVEL = 0;
				GCC_PREPROCESSOR_DEFINITIONS = (
					"DEBUG=1",
					"$(inherited)",
				);
				GCC_WARN_64_TO_32_BIT_CONVERSION = YES;
				GCC_WARN_ABOUT_RETURN_TYPE = YES_ERROR;
				GCC_WARN_UNDECLARED_SELECTOR = YES;
				GCC_WARN_UNINITIALIZED_AUTOS = YES_AGGRESSIVE;
				GCC_WARN_UNUSED_FUNCTION = YES;
				GCC_WARN_UNUSED_VARIABLE = YES;
				IPHONEOS_DEPLOYMENT_TARGET = 9.0;
				MTL_ENABLE_DEBUG_INFO = YES;
				ONLY_ACTIVE_ARCH = YES;
				SDKROOT = iphoneos;
				SWIFT_OPTIMIZATION_LEVEL = "-Onone";
				TARGETED_DEVICE_FAMILY = "1,2";
			};
			name = Debug;
		};
		7A338F891B3E1664005F6FEC /* Release */ = {
			isa = XCBuildConfiguration;
			buildSettings = {
				ALWAYS_SEARCH_USER_PATHS = NO;
				CLANG_CXX_LANGUAGE_STANDARD = "gnu++0x";
				CLANG_CXX_LIBRARY = "libc++";
				CLANG_ENABLE_MODULES = YES;
				CLANG_ENABLE_OBJC_ARC = YES;
				CLANG_WARN_BOOL_CONVERSION = YES;
				CLANG_WARN_CONSTANT_CONVERSION = YES;
				CLANG_WARN_DIRECT_OBJC_ISA_USAGE = YES_ERROR;
				CLANG_WARN_EMPTY_BODY = YES;
				CLANG_WARN_ENUM_CONVERSION = YES;
				CLANG_WARN_INT_CONVERSION = YES;
				CLANG_WARN_OBJC_ROOT_CLASS = YES_ERROR;
				CLANG_WARN_UNREACHABLE_CODE = YES;
				CLANG_WARN__DUPLICATE_METHOD_MATCH = YES;
				"CODE_SIGN_IDENTITY[sdk=iphoneos*]" = "iPhone Developer";
				COPY_PHASE_STRIP = NO;
				DEBUG_INFORMATION_FORMAT = "dwarf-with-dsym";
				ENABLE_NS_ASSERTIONS = NO;
				ENABLE_STRICT_OBJC_MSGSEND = YES;
				GCC_C_LANGUAGE_STANDARD = gnu99;
				GCC_NO_COMMON_BLOCKS = YES;
				GCC_WARN_64_TO_32_BIT_CONVERSION = YES;
				GCC_WARN_ABOUT_RETURN_TYPE = YES_ERROR;
				GCC_WARN_UNDECLARED_SELECTOR = YES;
				GCC_WARN_UNINITIALIZED_AUTOS = YES_AGGRESSIVE;
				GCC_WARN_UNUSED_FUNCTION = YES;
				GCC_WARN_UNUSED_VARIABLE = YES;
				IPHONEOS_DEPLOYMENT_TARGET = 9.0;
				MTL_ENABLE_DEBUG_INFO = NO;
				SDKROOT = iphoneos;
				TARGETED_DEVICE_FAMILY = "1,2";
				VALIDATE_PRODUCT = YES;
			};
			name = Release;
		};
		7A338F8B1B3E1664005F6FEC /* Debug */ = {
			isa = XCBuildConfiguration;
			buildSettings = {
				ASSETCATALOG_COMPILER_APPICON_NAME = AppIcon;
				INFOPLIST_FILE = FoodTracker/Info.plist;
				LD_RUNPATH_SEARCH_PATHS = "$(inherited) @executable_path/Frameworks";
				PRODUCT_BUNDLE_IDENTIFIER = com.example.FoodTracker;
				PRODUCT_NAME = "$(TARGET_NAME)";
			};
			name = Debug;
		};
		7A338F8C1B3E1664005F6FEC /* Release */ = {
			isa = XCBuildConfiguration;
			buildSettings = {
				ASSETCATALOG_COMPILER_APPICON_NAME = AppIcon;
				INFOPLIST_FILE = FoodTracker/Info.plist;
				LD_RUNPATH_SEARCH_PATHS = "$(inherited) @executable_path/Frameworks";
				PRODUCT_BUNDLE_IDENTIFIER = com.example.FoodTracker;
				PRODUCT_NAME = "$(TARGET_NAME)";
			};
			name = Release;
		};
		7A338F8E1B3E1664005F6FEC /* Debug */ = {
			isa = XCBuildConfiguration;
			buildSettings = {
				BUNDLE_LOADER = "$(TEST_HOST)";
				INFOPLIST_FILE = FoodTrackerTests/Info.plist;
				LD_RUNPATH_SEARCH_PATHS = "$(inherited) @executable_path/Frameworks @loader_path/Frameworks";
				PRODUCT_BUNDLE_IDENTIFIER = com.example.FoodTrackerTests;
				PRODUCT_NAME = "$(TARGET_NAME)";
				TEST_HOST = "$(BUILT_PRODUCTS_DIR)/FoodTracker.app/FoodTracker";
			};
			name = Debug;
		};
		7A338F8F1B3E1664005F6FEC /* Release */ = {
			isa = XCBuildConfiguration;
			buildSettings = {
				BUNDLE_LOADER = "$(TEST_HOST)";
				INFOPLIST_FILE = FoodTrackerTests/Info.plist;
				LD_RUNPATH_SEARCH_PATHS = "$(inherited) @executable_path/Frameworks @loader_path/Frameworks";
				PRODUCT_BUNDLE_IDENTIFIER = com.example.FoodTrackerTests;
				PRODUCT_NAME = "$(TARGET_NAME)";
				TEST_HOST = "$(BUILT_PRODUCTS_DIR)/FoodTracker.app/FoodTracker";
			};
			name = Release;
		};
/* End XCBuildConfiguration section */

/* Begin XCConfigurationList section */
		7A338F681B3E1663005F6FEC /* Build configuration list for PBXProject "FoodTracker" */ = {
			isa = XCConfigurationList;
			buildConfigurations = (
				7A338F881B3E1664005F6FEC /* Debug */,
				7A338F891B3E1664005F6FEC /* Release */,
			);
			defaultConfigurationIsVisible = 0;
			defaultConfigurationName = Release;
		};
		7A338F8A1B3E1664005F6FEC /* Build configuration list for PBXNativeTarget "FoodTracker" */ = {
			isa = XCConfigurationList;
			buildConfigurations = (
				7A338F8B1B3E1664005F6FEC /* Debug */,
				7A338F8C1B3E1664005F6FEC /* Release */,
			);
			defaultConfigurationIsVisible = 0;
		};
		7A338F8D1B3E1664005F6FEC /* Build configuration list for PBXNativeTarget "FoodTrackerTests" */ = {
			isa = XCConfigurationList;
			buildConfigurations = (
				7A338F8E1B3E1664005F6FEC /* Debug */,
				7A338F8F1B3E1664005F6FEC /* Release */,
			);
			defaultConfigurationIsVisible = 0;
		};
/* End XCConfigurationList section */
	};
	rootObject = 7A338F651B3E1663005F6FEC /* Project object */;
}
